
Microsoft Visual Studio Solution File, Format Version 12.00
# Visual Studio 14
VisualStudioVersion = 14.0.23107.0
MinimumVisualStudioVersion = 10.0.40219.1
Project("{FAE04EC0-301F-11D3-BF4B-00C04F79EFBC}") = "EF.Web", "EF.Web.csproj", "{DA46DB4F-8209-434E-AF45-EC0ED7B9EE7F}"
EndProject
Project("{FAE04EC0-301F-11D3-BF4B-00C04F79EFBC}") = "EF.Core", "..\EF.Core\EF.Core.csproj", "{A738FB56-F194-4355-99CB-37E94A58F262}"
EndProject
Project("{FAE04EC0-301F-11D3-BF4B-00C04F79EFBC}") = "EF.Data", "..\EF.Data\EF.Data.csproj", "{EA20F03D-8656-4D1B-8E0C-456058B8E832}"
EndProject
Global
	GlobalSection(SolutionConfigurationPlatforms) = preSolution
		Debug|Any CPU = Debug|Any CPU
		Release|Any CPU = Release|Any CPU
	EndGlobalSection
	GlobalSection(ProjectConfigurationPlatforms) = postSolution
		{DA46DB4F-8209-434E-AF45-EC0ED7B9EE7F}.Debug|Any CPU.ActiveCfg = Debug|Any CPU
		{DA46DB4F-8209-434E-AF45-EC0ED7B9EE7F}.Debug|Any CPU.Build.0 = Debug|Any CPU
		{DA46DB4F-8209-434E-AF45-EC0ED7B9EE7F}.Release|Any CPU.ActiveCfg = Release|Any CPU
		{DA46DB4F-8209-434E-AF45-EC0ED7B9EE7F}.Release|Any CPU.Build.0 = Release|Any CPU
		{A738FB56-F194-4355-99CB-37E94A58F262}.Debug|Any CPU.ActiveCfg = Debug|Any CPU
		{A738FB56-F194-4355-99CB-37E94A58F262}.Debug|Any CPU.Build.0 = Debug|Any CPU
		{A738FB56-F194-4355-99CB-37E94A58F262}.Release|Any CPU.ActiveCfg = Release|Any CPU
		{A738FB56-F194-4355-99CB-37E94A58F262}.Release|Any CPU.Build.0 = Release|Any CPU
		{EA20F03D-8656-4D1B-8E0C-456058B8E832}.Debug|Any CPU.ActiveCfg = Debug|Any CPU
		{EA20F03D-8656-4D1B-8E0C-456058B8E832}.Debug|Any CPU.Build.0 = Debug|Any CPU
		{EA20F03D-8656-4D1B-8E0C-456058B8E832}.Release|Any CPU.ActiveCfg = Release|Any CPU
		{EA20F03D-8656-4D1B-8E0C-456058B8E832}.Release|Any CPU.Build.0 = Release|Any CPU
	EndGlobalSection
	GlobalSection(SolutionProperties) = preSolution
		HideSolutionNode = FALSE
	EndGlobalSection
EndGlobal
